// !$*UTF8*$!
{
	archiveVersion = 1;
	classes = {
	};
	objectVersion = 46;
	objects = {

/* Begin PBXBuildFile section */
		D2FB6E3B1A198CD0008DBDBC /* Foundation.framework in Frameworks */ = {isa = PBXBuildFile; fileRef = D2FB6E3A1A198CD0008DBDBC /* Foundation.framework */; };
		D2FB6E3D1A198CD0008DBDBC /* CoreGraphics.framework in Frameworks */ = {isa = PBXBuildFile; fileRef = D2FB6E3C1A198CD0008DBDBC /* CoreGraphics.framework */; };
		D2FB6E3F1A198CD0008DBDBC /* UIKit.framework in Frameworks */ = {isa = PBXBuildFile; fileRef = D2FB6E3E1A198CD0008DBDBC /* UIKit.framework */; };
		D2FB6E451A198CD0008DBDBC /* InfoPlist.strings in Resources */ = {isa = PBXBuildFile; fileRef = D2FB6E431A198CD0008DBDBC /* InfoPlist.strings */; };
		D2FB6E471A198CD0008DBDBC /* main.m in Sources */ = {isa = PBXBuildFile; fileRef = D2FB6E461A198CD0008DBDBC /* main.m */; };
		D2FB6E4B1A198CD0008DBDBC /* DDAppDelegate.m in Sources */ = {isa = PBXBuildFile; fileRef = D2FB6E4A1A198CD0008DBDBC /* DDAppDelegate.m */; };
		D2FB6E4D1A198CD0008DBDBC /* Images.xcassets in Resources */ = {isa = PBXBuildFile; fileRef = D2FB6E4C1A198CD0008DBDBC /* Images.xcassets */; };
		D2FB6E541A198CD0008DBDBC /* XCTest.framework in Frameworks */ = {isa = PBXBuildFile; fileRef = D2FB6E531A198CD0008DBDBC /* XCTest.framework */; };
		D2FB6E551A198CD0008DBDBC /* Foundation.framework in Frameworks */ = {isa = PBXBuildFile; fileRef = D2FB6E3A1A198CD0008DBDBC /* Foundation.framework */; };
		D2FB6E561A198CD0008DBDBC /* UIKit.framework in Frameworks */ = {isa = PBXBuildFile; fileRef = D2FB6E3E1A198CD0008DBDBC /* UIKit.framework */; };
		D2FB6E5E1A198CD0008DBDBC /* InfoPlist.strings in Resources */ = {isa = PBXBuildFile; fileRef = D2FB6E5C1A198CD0008DBDBC /* InfoPlist.strings */; };
		D2FB6E601A198CD0008DBDBC /* DecorationDesignTests.m in Sources */ = {isa = PBXBuildFile; fileRef = D2FB6E5F1A198CD0008DBDBC /* DecorationDesignTests.m */; };
/* End PBXBuildFile section */

/* Begin PBXContainerItemProxy section */
		D2FB6E571A198CD0008DBDBC /* PBXContainerItemProxy */ = {
			isa = PBXContainerItemProxy;
			containerPortal = D2FB6E2F1A198CCF008DBDBC /* Project object */;
			proxyType = 1;
			remoteGlobalIDString = D2FB6E361A198CD0008DBDBC;
			remoteInfo = DecorationDesign;
		};
/* End PBXContainerItemProxy section */

/* Begin PBXFileReference section */
		D2FB6E371A198CD0008DBDBC /* DecorationDesign.app */ = {isa = PBXFileReference; explicitFileType = wrapper.application; includeInIndex = 0; path = DecorationDesign.app; sourceTree = BUILT_PRODUCTS_DIR; };
		D2FB6E3A1A198CD0008DBDBC /* Foundation.framework */ = {isa = PBXFileReference; lastKnownFileType = wrapper.framework; name = Foundation.framework; path = System/Library/Frameworks/Foundation.framework; sourceTree = SDKROOT; };
		D2FB6E3C1A198CD0008DBDBC /* CoreGraphics.framework */ = {isa = PBXFileReference; lastKnownFileType = wrapper.framework; name = CoreGraphics.framework; path = System/Library/Frameworks/CoreGraphics.framework; sourceTree = SDKROOT; };
		D2FB6E3E1A198CD0008DBDBC /* UIKit.framework */ = {isa = PBXFileReference; lastKnownFileType = wrapper.framework; name = UIKit.framework; path = System/Library/Frameworks/UIKit.framework; sourceTree = SDKROOT; };
		D2FB6E421A198CD0008DBDBC /* DecorationDesign-Info.plist */ = {isa = PBXFileReference; lastKnownFileType = text.plist.xml; path = "DecorationDesign-Info.plist"; sourceTree = "<group>"; };
		D2FB6E441A198CD0008DBDBC /* en */ = {isa = PBXFileReference; lastKnownFileType = text.plist.strings; name = en; path = en.lproj/InfoPlist.strings; sourceTree = "<group>"; };
		D2FB6E461A198CD0008DBDBC /* main.m */ = {isa = PBXFileReference; lastKnownFileType = sourcecode.c.objc; path = main.m; sourceTree = "<group>"; };
		D2FB6E481A198CD0008DBDBC /* DecorationDesign-Prefix.pch */ = {isa = PBXFileReference; lastKnownFileType = sourcecode.c.h; path = "DecorationDesign-Prefix.pch"; sourceTree = "<group>"; };
		D2FB6E491A198CD0008DBDBC /* DDAppDelegate.h */ = {isa = PBXFileReference; lastKnownFileType = sourcecode.c.h; path = DDAppDelegate.h; sourceTree = "<group>"; };
		D2FB6E4A1A198CD0008DBDBC /* DDAppDelegate.m */ = {isa = PBXFileReference; lastKnownFileType = sourcecode.c.objc; path = DDAppDelegate.m; sourceTree = "<group>"; };
		D2FB6E4C1A198CD0008DBDBC /* Images.xcassets */ = {isa = PBXFileReference; lastKnownFileType = folder.assetcatalog; path = Images.xcassets; sourceTree = "<group>"; };
		D2FB6E521A198CD0008DBDBC /* DecorationDesignTests.xctest */ = {isa = PBXFileReference; explicitFileType = wrapper.cfbundle; includeInIndex = 0; path = DecorationDesignTests.xctest; sourceTree = BUILT_PRODUCTS_DIR; };
		D2FB6E531A198CD0008DBDBC /* XCTest.framework */ = {isa = PBXFileReference; lastKnownFileType = wrapper.framework; name = XCTest.framework; path = Library/Frameworks/XCTest.framework; sourceTree = DEVELOPER_DIR; };
		D2FB6E5B1A198CD0008DBDBC /* DecorationDesignTests-Info.plist */ = {isa = PBXFileReference; lastKnownFileType = text.plist.xml; path = "DecorationDesignTests-Info.plist"; sourceTree = "<group>"; };
		D2FB6E5D1A198CD0008DBDBC /* en */ = {isa = PBXFileReference; lastKnownFileType = text.plist.strings; name = en; path = en.lproj/InfoPlist.strings; sourceTree = "<group>"; };
		D2FB6E5F1A198CD0008DBDBC /* DecorationDesignTests.m */ = {isa = PBXFileReference; lastKnownFileType = sourcecode.c.objc; path = DecorationDesignTests.m; sourceTree = "<group>"; };
/* End PBXFileReference section */

/* Begin PBXFrameworksBuildPhase section */
		D2FB6E341A198CD0008DBDBC /* Frameworks */ = {
			isa = PBXFrameworksBuildPhase;
			buildActionMask = 2147483647;
			files = (
				D2FB6E3D1A198CD0008DBDBC /* CoreGraphics.framework in Frameworks */,
				D2FB6E3F1A198CD0008DBDBC /* UIKit.framework in Frameworks */,
				D2FB6E3B1A198CD0008DBDBC /* Foundation.framework in Frameworks */,
			);
			runOnlyForDeploymentPostprocessing = 0;
		};
		D2FB6E4F1A198CD0008DBDBC /* Frameworks */ = {
			isa = PBXFrameworksBuildPhase;
			buildActionMask = 2147483647;
			files = (
				D2FB6E541A198CD0008DBDBC /* XCTest.framework in Frameworks */,
				D2FB6E561A198CD0008DBDBC /* UIKit.framework in Frameworks */,
				D2FB6E551A198CD0008DBDBC /* Foundation.framework in Frameworks */,
			);
			runOnlyForDeploymentPostprocessing = 0;
		};
/* End PBXFrameworksBuildPhase section */

/* Begin PBXGroup section */
		D2FB6E2E1A198CCF008DBDBC = {
			isa = PBXGroup;
			children = (
				D2FB6E401A198CD0008DBDBC /* DecorationDesign */,
				D2FB6E591A198CD0008DBDBC /* DecorationDesignTests */,
				D2FB6E391A198CD0008DBDBC /* Frameworks */,
				D2FB6E381A198CD0008DBDBC /* Products */,
			);
			sourceTree = "<group>";
		};
		D2FB6E381A198CD0008DBDBC /* Products */ = {
			isa = PBXGroup;
			children = (
				D2FB6E371A198CD0008DBDBC /* DecorationDesign.app */,
				D2FB6E521A198CD0008DBDBC /* DecorationDesignTests.xctest */,
			);
			name = Products;
			sourceTree = "<group>";
		};
		D2FB6E391A198CD0008DBDBC /* Frameworks */ = {
			isa = PBXGroup;
			children = (
				D2FB6E3A1A198CD0008DBDBC /* Foundation.framework */,
				D2FB6E3C1A198CD0008DBDBC /* CoreGraphics.framework */,
				D2FB6E3E1A198CD0008DBDBC /* UIKit.framework */,
				D2FB6E531A198CD0008DBDBC /* XCTest.framework */,
			);
			name = Frameworks;
			sourceTree = "<group>";
		};
		D2FB6E401A198CD0008DBDBC /* DecorationDesign */ = {
			isa = PBXGroup;
			children = (
				D2FB6E491A198CD0008DBDBC /* DDAppDelegate.h */,
				D2FB6E4A1A198CD0008DBDBC /* DDAppDelegate.m */,
				D2FB6E4C1A198CD0008DBDBC /* Images.xcassets */,
				D2FB6E411A198CD0008DBDBC /* Supporting Files */,
			);
			path = DecorationDesign;
			sourceTree = "<group>";
		};
		D2FB6E411A198CD0008DBDBC /* Supporting Files */ = {
			isa = PBXGroup;
			children = (
				D2FB6E421A198CD0008DBDBC /* DecorationDesign-Info.plist */,
				D2FB6E431A198CD0008DBDBC /* InfoPlist.strings */,
				D2FB6E461A198CD0008DBDBC /* main.m */,
				D2FB6E481A198CD0008DBDBC /* DecorationDesign-Prefix.pch */,
			);
			name = "Supporting Files";
			sourceTree = "<group>";
		};
		D2FB6E591A198CD0008DBDBC /* DecorationDesignTests */ = {
			isa = PBXGroup;
			children = (
				D2FB6E5F1A198CD0008DBDBC /* DecorationDesignTests.m */,
				D2FB6E5A1A198CD0008DBDBC /* Supporting Files */,
			);
			path = DecorationDesignTests;
			sourceTree = "<group>";
		};
		D2FB6E5A1A198CD0008DBDBC /* Supporting Files */ = {
			isa = PBXGroup;
			children = (
				D2FB6E5B1A198CD0008DBDBC /* DecorationDesignTests-Info.plist */,
				D2FB6E5C1A198CD0008DBDBC /* InfoPlist.strings */,
			);
			name = "Supporting Files";
			sourceTree = "<group>";
		};
/* End PBXGroup section */

/* Begin PBXNativeTarget section */
		D2FB6E361A198CD0008DBDBC /* DecorationDesign */ = {
			isa = PBXNativeTarget;
			buildConfigurationList = D2FB6E631A198CD1008DBDBC /* Build configuration list for PBXNativeTarget "DecorationDesign" */;
			buildPhases = (
				D2FB6E331A198CD0008DBDBC /* Sources */,
				D2FB6E341A198CD0008DBDBC /* Frameworks */,
				D2FB6E351A198CD0008DBDBC /* Resources */,
			);
			buildRules = (
			);
			dependencies = (
			);
			name = DecorationDesign;
			productName = DecorationDesign;
			productReference = D2FB6E371A198CD0008DBDBC /* DecorationDesign.app */;
			productType = "com.apple.product-type.application";
		};
		D2FB6E511A198CD0008DBDBC /* DecorationDesignTests */ = {
			isa = PBXNativeTarget;
			buildConfigurationList = D2FB6E661A198CD1008DBDBC /* Build configuration list for PBXNativeTarget "DecorationDesignTests" */;
			buildPhases = (
				D2FB6E4E1A198CD0008DBDBC /* Sources */,
				D2FB6E4F1A198CD0008DBDBC /* Frameworks */,
				D2FB6E501A198CD0008DBDBC /* Resources */,
			);
			buildRules = (
			);
			dependencies = (
				D2FB6E581A198CD0008DBDBC /* PBXTargetDependency */,
			);
			name = DecorationDesignTests;
			productName = DecorationDesignTests;
			productReference = D2FB6E521A198CD0008DBDBC /* DecorationDesignTests.xctest */;
			productType = "com.apple.product-type.bundle.unit-test";
		};
/* End PBXNativeTarget section */

/* Begin PBXProject section */
		D2FB6E2F1A198CCF008DBDBC /* Project object */ = {
			isa = PBXProject;
			attributes = {
				CLASSPREFIX = DD;
				LastUpgradeCheck = 0510;
				ORGANIZATIONNAME = "许开伟";
				TargetAttributes = {
					D2FB6E511A198CD0008DBDBC = {
						TestTargetID = D2FB6E361A198CD0008DBDBC;
					};
				};
			};
			buildConfigurationList = D2FB6E321A198CD0008DBDBC /* Build configuration list for PBXProject "DecorationDesign" */;
			compatibilityVersion = "Xcode 3.2";
			developmentRegion = English;
			hasScannedForEncodings = 0;
			knownRegions = (
				en,
			);
			mainGroup = D2FB6E2E1A198CCF008DBDBC;
			productRefGroup = D2FB6E381A198CD0008DBDBC /* Products */;
			projectDirPath = "";
			projectRoot = "";
			targets = (
				D2FB6E361A198CD0008DBDBC /* DecorationDesign */,
				D2FB6E511A198CD0008DBDBC /* DecorationDesignTests */,
			);
		};
/* End PBXProject section */

/* Begin PBXResourcesBuildPhase section */
		D2FB6E351A198CD0008DBDBC /* Resources */ = {
			isa = PBXResourcesBuildPhase;
			buildActionMask = 2147483647;
			files = (
				D2FB6E451A198CD0008DBDBC /* InfoPlist.strings in Resources */,
				D2FB6E4D1A198CD0008DBDBC /* Images.xcassets in Resources */,
			);
			runOnlyForDeploymentPostprocessing = 0;
		};
		D2FB6E501A198CD0008DBDBC /* Resources */ = {
			isa = PBXResourcesBuildPhase;
			buildActionMask = 2147483647;
			files = (
				D2FB6E5E1A198CD0008DBDBC /* InfoPlist.strings in Resources */,
			);
			runOnlyForDeploymentPostprocessing = 0;
		};
/* End PBXResourcesBuildPhase section */

/* Begin PBXSourcesBuildPhase section */
		D2FB6E331A198CD0008DBDBC /* Sources */ = {
			isa = PBXSourcesBuildPhase;
			buildActionMask = 2147483647;
			files = (
				D2FB6E4B1A198CD0008DBDBC /* DDAppDelegate.m in Sources */,
				D2FB6E471A198CD0008DBDBC /* main.m in Sources */,
			);
			runOnlyForDeploymentPostprocessing = 0;
		};
		D2FB6E4E1A198CD0008DBDBC /* Sources */ = {
			isa = PBXSourcesBuildPhase;
			buildActionMask = 2147483647;
			files = (
				D2FB6E601A198CD0008DBDBC /* DecorationDesignTests.m in Sources */,
			);
			runOnlyForDeploymentPostprocessing = 0;
		};
/* End PBXSourcesBuildPhase section */

/* Begin PBXTargetDependency section */
		D2FB6E581A198CD0008DBDBC /* PBXTargetDependency */ = {
			isa = PBXTargetDependency;
			target = D2FB6E361A198CD0008DBDBC /* DecorationDesign */;
			targetProxy = D2FB6E571A198CD0008DBDBC /* PBXContainerItemProxy */;
		};
/* End PBXTargetDependency section */

/* Begin PBXVariantGroup section */
		D2FB6E431A198CD0008DBDBC /* InfoPlist.strings */ = {
			isa = PBXVariantGroup;
			children = (
				D2FB6E441A198CD0008DBDBC /* en */,
			);
			name = InfoPlist.strings;
			sourceTree = "<group>";
		};
		D2FB6E5C1A198CD0008DBDBC /* InfoPlist.strings */ = {
			isa = PBXVariantGroup;
			children = (
				D2FB6E5D1A198CD0008DBDBC /* en */,
			);
			name = InfoPlist.strings;
			sourceTree = "<group>";
		};
/* End PBXVariantGroup section */

/* Begin XCBuildConfiguration section */
		D2FB6E611A198CD0008DBDBC /* Debug */ = {
			isa = XCBuildConfiguration;
			buildSettings = {
				ALWAYS_SEARCH_USER_PATHS = NO;
				CLANG_CXX_LANGUAGE_STANDARD = "gnu++0x";
				CLANG_CXX_LIBRARY = "libc++";
				CLANG_ENABLE_MODULES = YES;
				CLANG_ENABLE_OBJC_ARC = YES;
				CLANG_WARN_BOOL_CONVERSION = YES;
				CLANG_WARN_CONSTANT_CONVERSION = YES;
				CLANG_WARN_DIRECT_OBJC_ISA_USAGE = YES_ERROR;
				CLANG_WARN_EMPTY_BODY = YES;
				CLANG_WARN_ENUM_CONVERSION = YES;
				CLANG_WARN_INT_CONVERSION = YES;
				CLANG_WARN_OBJC_ROOT_CLASS = YES_ERROR;
				CLANG_WARN__DUPLICATE_METHOD_MATCH = YES;
				"CODE_SIGN_IDENTITY[sdk=iphoneos*]" = "iPhone Developer";
				COPY_PHASE_STRIP = NO;
				GCC_C_LANGUAGE_STANDARD = gnu99;
				GCC_DYNAMIC_NO_PIC = NO;
				GCC_OPTIMIZATION_LEVEL = 0;
				GCC_PREPROCESSOR_DEFINITIONS = (
					"DEBUG=1",
					"$(inherited)",
				);
				GCC_SYMBOLS_PRIVATE_EXTERN = NO;
				GCC_WARN_64_TO_32_BIT_CONVERSION = YES;
				GCC_WARN_ABOUT_RETURN_TYPE = YES_ERROR;
				GCC_WARN_UNDECLARED_SELECTOR = YES;
				GCC_WARN_UNINITIALIZED_AUTOS = YES_AGGRESSIVE;
				GCC_WARN_UNUSED_FUNCTION = YES;
				GCC_WARN_UNUSED_VARIABLE = YES;
				IPHONEOS_DEPLOYMENT_TARGET = 7.1;
				ONLY_ACTIVE_ARCH = YES;
				SDKROOT = iphoneos;
			};
			name = Debug;
		};
		D2FB6E621A198CD1008DBDBC /* Release */ = {
			isa = XCBuildConfiguration;
			buildSettings = {
				ALWAYS_SEARCH_USER_PATHS = NO;
				CLANG_CXX_LANGUAGE_STANDARD = "gnu++0x";
				CLANG_CXX_LIBRARY = "libc++";
				CLANG_ENABLE_MODULES = YES;
				CLANG_ENABLE_OBJC_ARC = YES;
				CLANG_WARN_BOOL_CONVERSION = YES;
				CLANG_WARN_CONSTANT_CONVERSION = YES;
				CLANG_WARN_DIRECT_OBJC_ISA_USAGE = YES_ERROR;
				CLANG_WARN_EMPTY_BODY = YES;
				CLANG_WARN_ENUM_CONVERSION = YES;
				CLANG_WARN_INT_CONVERSION = YES;
				CLANG_WARN_OBJC_ROOT_CLASS = YES_ERROR;
				CLANG_WARN__DUPLICATE_METHOD_MATCH = YES;
				"CODE_SIGN_IDENTITY[sdk=iphoneos*]" = "iPhone Developer";
				COPY_PHASE_STRIP = YES;
				ENABLE_NS_ASSERTIONS = NO;
				GCC_C_LANGUAGE_STANDARD = gnu99;
				GCC_WARN_64_TO_32_BIT_CONVERSION = YES;
				GCC_WARN_ABOUT_RETURN_TYPE = YES_ERROR;
				GCC_WARN_UNDECLARED_SELECTOR = YES;
				GCC_WARN_UNINITIALIZED_AUTOS = YES_AGGRESSIVE;
				GCC_WARN_UNUSED_FUNCTION = YES;
				GCC_WARN_UNUSED_VARIABLE = YES;
				IPHONEOS_DEPLOYMENT_TARGET = 7.1;
				SDKROOT = iphoneos;
				VALIDATE_PRODUCT = YES;
			};
			name = Release;
		};
		D2FB6E641A198CD1008DBDBC /* Debug */ = {
			isa = XCBuildConfiguration;
			buildSettings = {
				ASSETCATALOG_COMPILER_APPICON_NAME = AppIcon;
				ASSETCATALOG_COMPILER_LAUNCHIMAGE_NAME = LaunchImage;
				GCC_PRECOMPILE_PREFIX_HEADER = YES;
				GCC_PREFIX_HEADER = "DecorationDesign/DecorationDesign-Prefix.pch";
				INFOPLIST_FILE = "DecorationDesign/DecorationDesign-Info.plist";
				PRODUCT_NAME = "$(TARGET_NAME)";
				WRAPPER_EXTENSION = app;
			};
			name = Debug;
		};
		D2FB6E651A198CD1008DBDBC /* Release */ = {
			isa = XCBuildConfiguration;
			buildSettings = {
				ASSETCATALOG_COMPILER_APPICON_NAME = AppIcon;
				ASSETCATALOG_COMPILER_LAUNCHIMAGE_NAME = LaunchImage;
				GCC_PRECOMPILE_PREFIX_HEADER = YES;
				GCC_PREFIX_HEADER = "DecorationDesign/DecorationDesign-Prefix.pch";
				INFOPLIST_FILE = "DecorationDesign/DecorationDesign-Info.plist";
				PRODUCT_NAME = "$(TARGET_NAME)";
				WRAPPER_EXTENSION = app;
			};
			name = Release;
		};
		D2FB6E671A198CD1008DBDBC /* Debug */ = {
			isa = XCBuildConfiguration;
			buildSettings = {
				BUNDLE_LOADER = "$(BUILT_PRODUCTS_DIR)/DecorationDesign.app/DecorationDesign";
				FRAMEWORK_SEARCH_PATHS = (
					"$(SDKROOT)/Developer/Library/Frameworks",
					"$(inherited)",
					"$(DEVELOPER_FRAMEWORKS_DIR)",
				);
				GCC_PRECOMPILE_PREFIX_HEADER = YES;
				GCC_PREFIX_HEADER = "DecorationDesign/DecorationDesign-Prefix.pch";
				GCC_PREPROCESSOR_DEFINITIONS = (
					"DEBUG=1",
					"$(inherited)",
				);
				INFOPLIST_FILE = "DecorationDesignTests/DecorationDesignTests-Info.plist";
				PRODUCT_NAME = "$(TARGET_NAME)";
				TEST_HOST = "$(BUNDLE_LOADER)";
				WRAPPER_EXTENSION = xctest;
			};
			name = Debug;
		};
		D2FB6E681A198CD1008DBDBC /* Release */ = {
			isa = XCBuildConfiguration;
			buildSettings = {
				BUNDLE_LOADER = "$(BUILT_PRODUCTS_DIR)/DecorationDesign.app/DecorationDesign";
				FRAMEWORK_SEARCH_PATHS = (
					"$(SDKROOT)/Developer/Library/Frameworks",
					"$(inherited)",
					"$(DEVELOPER_FRAMEWORKS_DIR)",
				);
				GCC_PRECOMPILE_PREFIX_HEADER = YES;
				GCC_PREFIX_HEADER = "DecorationDesign/DecorationDesign-Prefix.pch";
				INFOPLIST_FILE = "DecorationDesignTests/DecorationDesignTests-Info.plist";
				PRODUCT_NAME = "$(TARGET_NAME)";
				TEST_HOST = "$(BUNDLE_LOADER)";
				WRAPPER_EXTENSION = xctest;
			};
			name = Release;
		};
/* End XCBuildConfiguration section */

/* Begin XCConfigurationList section */
		D2FB6E321A198CD0008DBDBC /* Build configuration list for PBXProject "DecorationDesign" */ = {
			isa = XCConfigurationList;
			buildConfigurations = (
				D2FB6E611A198CD0008DBDBC /* Debug */,
				D2FB6E621A198CD1008DBDBC /* Release */,
			);
			defaultConfigurationIsVisible = 0;
			defaultConfigurationName = Release;
		};
		D2FB6E631A198CD1008DBDBC /* Build configuration list for PBXNativeTarget "DecorationDesign" */ = {
			isa = XCConfigurationList;
			buildConfigurations = (
				D2FB6E641A198CD1008DBDBC /* Debug */,
				D2FB6E651A198CD1008DBDBC /* Release */,
			);
			defaultConfigurationIsVisible = 0;
		};
		D2FB6E661A198CD1008DBDBC /* Build configuration list for PBXNativeTarget "DecorationDesignTests" */ = {
			isa = XCConfigurationList;
			buildConfigurations = (
				D2FB6E671A198CD1008DBDBC /* Debug */,
				D2FB6E681A198CD1008DBDBC /* Release */,
			);
			defaultConfigurationIsVisible = 0;
		};
/* End XCConfigurationList section */
	};
	rootObject = D2FB6E2F1A198CCF008DBDBC /* Project object */;
}
